{
  "originHash" : "36f1bdc9344544d2946f67af3ef2ccddbe4e71b29f316f0a8b202694be2c1b3c",
  "pins" : [
    {
      "identity" : "edgekit",
      "kind" : "remoteSourceControl",
      "location" : "https://github.com/nazmiyavuz/EdgeKit.git",
      "state" : {
        "branch" : "main",
        "revision" : "84716988d2cc89ea750fac0d9fa927f7dc805af1"
      }
    }
  ],
  "version" : 3
}
